
Microsoft Visual Studio Solution File, Format Version 12.00
# Visual Studio Version 17
VisualStudioVersion = 17.0.31903.59
MinimumVisualStudioVersion = 10.0.40219.1
Project("{FAE04EC0-301F-11D3-BF4B-00C04F79EFBC}") = "aoc", "aoc.csproj", "{D81E00BD-4A24-4ECC-B31B-5536F7EBB03B}"
EndProject
Global
	GlobalSection(SolutionConfigurationPlatforms) = preSolution
		Debug|Any CPU = Debug|Any CPU
		Release|Any CPU = Release|Any CPU
	EndGlobalSection
	GlobalSection(SolutionProperties) = preSolution
		HideSolutionNode = FALSE
	EndGlobalSection
	GlobalSection(ProjectConfigurationPlatforms) = postSolution
		{D81E00BD-4A24-4ECC-B31B-5536F7EBB03B}.Debug|Any CPU.ActiveCfg = Debug|Any CPU
		{D81E00BD-4A24-4ECC-B31B-5536F7EBB03B}.Debug|Any CPU.Build.0 = Debug|Any CPU
		{D81E00BD-4A24-4ECC-B31B-5536F7EBB03B}.Release|Any CPU.ActiveCfg = Release|Any CPU
		{D81E00BD-4A24-4ECC-B31B-5536F7EBB03B}.Release|Any CPU.Build.0 = Release|Any CPU
	EndGlobalSection
EndGlobal
